github.com/fhs/gompd/v2 v2.3.0 h1:wuruUjmOODRlJhrYx73rJnzS7vTSXSU7pWmZtM3VPE0=
github.com/fhs/gompd/v2 v2.3.0/go.mod h1:nNdZtcpD5VpmzZbRl5rV6RhxeMmAWTxEsSIMBkmMIy4=
github.com/go-test/deep v1.1.0 h1:WOcxcdHcvdgThNXjw0t76K42FXTU7HpNQWHpA2HHNlg=
github.com/go-test/deep v1.1.0/go.mod h1:5C2ZWiW0ErCdrYzpqxLbTX7MG14M9iiw8DgHncVwcsE=
github.com/linkdata/deadlock v0.4.0 h1:OM4Vqn5LinkHiCy9IqcA5aJ7zKU1kv5XhC7kiW4Lckc=
github.com/linkdata/deadlock v0.4.0/go.mod h1:MvI1hZGGcTghOKTcL6lATkgXkVVIOwHZ62l1Y0xprUI=
github.com/petermattis/goid v0.0.0-20230317030725-371a4b8eda08 h1:hDSdbBuw3Lefr6R18ax0tZ2BJeNB3NehB3trOwYBsdU=
github.com/petermattis/goid v0.0.0-20230317030725-371a4b8eda08/go.mod h1:pxMtw7cyUw6B2bRH0ZBANSPg+AoSud1I1iyJHI69jH4=
